
Microsoft Visual Studio Solution File, Format Version 12.00
# Visual Studio Version 17
VisualStudioVersion = 17.0.32014.148
MinimumVisualStudioVersion = 10.0.40219.1
Project("{FAE04EC0-301F-11D3-BF4B-00C04F79EFBC}") = "Barberia Cita", "Barberia Cita.csproj", "{5FF7675B-2BD4-4585-BFE5-941B157FCF53}"
EndProject
Global
	GlobalSection(SolutionConfigurationPlatforms) = preSolution
		Debug|Any CPU = Debug|Any CPU
		Release|Any CPU = Release|Any CPU
	EndGlobalSection
	GlobalSection(ProjectConfigurationPlatforms) = postSolution
		{5FF7675B-2BD4-4585-BFE5-941B157FCF53}.Debug|Any CPU.ActiveCfg = Debug|Any CPU
		{5FF7675B-2BD4-4585-BFE5-941B157FCF53}.Debug|Any CPU.Build.0 = Debug|Any CPU
		{5FF7675B-2BD4-4585-BFE5-941B157FCF53}.Release|Any CPU.ActiveCfg = Release|Any CPU
		{5FF7675B-2BD4-4585-BFE5-941B157FCF53}.Release|Any CPU.Build.0 = Release|Any CPU
	EndGlobalSection
	GlobalSection(SolutionProperties) = preSolution
		HideSolutionNode = FALSE
	EndGlobalSection
	GlobalSection(ExtensibilityGlobals) = postSolution
		SolutionGuid = {085294AE-9BDA-4769-AAFD-6579E04FEBF0}
	EndGlobalSection
EndGlobal
